<?xml version="1.0" encoding="utf-8"?>
<Project ToolsVersion="4.0" xmlns="http://schemas.microsoft.com/developer/msbuild/2003">
  <ItemGroup>
    <Filter Include="Source Files">
      <UniqueIdentifier>{4FC737F1-C7A5-4376-A066-2A32D752A2FF}</UniqueIdentifier>
      <Extensions>cpp;c;cc;cxx;def;odl;idl;hpj;bat;asm;asmx</Extensions>
    </Filter>
    <Filter Include="Header Files">
      <UniqueIdentifier>{93995380-89BD-4b04-88EB-625FBE52EBFB}</UniqueIdentifier>
      <Extensions>h;hh;hpp;hxx;hm;inl;inc;xsd</Extensions>
    </Filter>
    <Filter Include="Resource Files">
      <UniqueIdentifier>{67DA6AB6-F800-4c08-8B7A-83BB121AAD01}</UniqueIdentifier>
      <Extensions>rc;ico;cur;bmp;dlg;rc2;rct;bin;rgs;gif;jpg;jpeg;jpe;resx;tiff;tif;png;wav;mfcribbon-ms</Extensions>
    </Filter>
    <Filter Include="GameData">
      <UniqueIdentifier>{8917ded1-aea3-42e9-9a55-9df9e67108bf}</UniqueIdentifier>
    </Filter>
    <Filter Include="GameData\Header Files">
      <UniqueIdentifier>{415dfe69-11bc-4003-a9a9-4103a4c6b504}</UniqueIdentifier>
    </Filter>
    <Filter Include="GameData\Source Files">
      <UniqueIdentifier>{b3592309-503e-4fe8-a98f-bd56913a86a0}</UniqueIdentifier>
    </Filter>
    <Filter Include="GameData\Header Files\Items">
      <UniqueIdentifier>{c25506dd-87d5-4c7b-bcb2-562a6ba291d1}</UniqueIdentifier>
    </Filter>
    <Filter Include="GameData\Audio">
      <UniqueIdentifier>{de5de707-f309-4c73-88e2-fc6ca29cfa6d}</UniqueIdentifier>
    </Filter>
    <Filter Include="GameData\Header Files\AI">
      <UniqueIdentifier>{347933b7-073c-45cb-9375-703e85759522}</UniqueIdentifier>
    </Filter>
    <Filter Include="GameData\Source Files\AI">
      <UniqueIdentifier>{94442dc9-d7fd-4f30-830d-1988e5e2d757}</UniqueIdentifier>
    </Filter>
  </ItemGroup>
  <ItemGroup>
    <ClCompile Include="FrameResource.cpp">
      <Filter>Source Files</Filter>
    </ClCompile>
    <ClCompile Include="Object.cpp">
      <Filter>GameData\Source Files</Filter>
    </ClCompile>
    <ClCompile Include="GameData.cpp">
      <Filter>GameData\Source Files</Filter>
    </ClCompile>
    <ClCompile Include="Common\d3dApp.cpp">
      <Filter>Source Files</Filter>
    </ClCompile>
    <ClCompile Include="Common\d3dUtil.cpp">
      <Filter>Source Files</Filter>
    </ClCompile>
    <ClCompile Include="Common\DDSTextureLoader.cpp">
      <Filter>Source Files</Filter>
    </ClCompile>
    <ClCompile Include="Common\GameTimer.cpp">
      <Filter>Source Files</Filter>
    </ClCompile>
    <ClCompile Include="Common\MathHelper.cpp">
      <Filter>Source Files</Filter>
    </ClCompile>
    <ClCompile Include="CubeGame.cpp">
      <Filter>GameData\Source Files</Filter>
    </ClCompile>
    <ClCompile Include="Camera.cpp">
      <Filter>Source Files</Filter>
    </ClCompile>
    <ClCompile Include="UI.cpp">
      <Filter>GameData\Source Files</Filter>
    </ClCompile>
    <ClCompile Include="Raycast.cpp">
      <Filter>GameData\Source Files</Filter>
    </ClCompile>
    <ClCompile Include="PerlinNoise.cpp">
      <Filter>GameData\Source Files</Filter>
    </ClCompile>
    <ClCompile Include="Inventory.cpp">
      <Filter>GameData\Source Files</Filter>
    </ClCompile>
    <ClCompile Include="Crafting.cpp">
      <Filter>GameData\Source Files</Filter>
    </ClCompile>
    <ClCompile Include="Player.cpp">
      <Filter>GameData\Source Files</Filter>
    </ClCompile>
    <ClCompile Include="LivingEntity.cpp">
      <Filter>GameData\Source Files</Filter>
    </ClCompile>
    <ClCompile Include="WorldManager.cpp">
      <Filter>GameData\Source Files</Filter>
    </ClCompile>
    <ClCompile Include="Text.cpp">
      <Filter>GameData\Source Files</Filter>
    </ClCompile>
    <ClCompile Include="RenderItem.cpp">
      <Filter>GameData\Source Files</Filter>
    </ClCompile>
    <ClCompile Include="Common\FileUtils.cpp">
      <Filter>Source Files</Filter>
    </ClCompile>
    <ClCompile Include="SoundSystem.cpp">
      <Filter>GameData\Audio</Filter>
    </ClCompile>
    <ClCompile Include="DunGen.cpp">
      <Filter>GameData\Source Files\AI</Filter>
    </ClCompile>
    <ClCompile Include="DGPathfinding.cpp">
      <Filter>GameData\Source Files\AI</Filter>
    </ClCompile>
    <ClCompile Include="GeneticAlgo.cpp">
      <Filter>GameData\Source Files\AI</Filter>
    </ClCompile>
  </ItemGroup>
  <ItemGroup>
    <ClInclude Include="FrameResource.h">
      <Filter>Header Files</Filter>
    </ClInclude>
    <ClInclude Include="GameData.h">
      <Filter>GameData\Header Files</Filter>
    </ClInclude>
    <ClInclude Include="Object.h">
      <Filter>GameData\Header Files</Filter>
    </ClInclude>
    <ClInclude Include="CubeGame.h">
      <Filter>GameData\Header Files</Filter>
    </ClInclude>
    <ClInclude Include="Camera.h">
      <Filter>Header Files</Filter>
    </ClInclude>
    <ClInclude Include="UI.h">
      <Filter>GameData\Header Files</Filter>
    </ClInclude>
    <ClInclude Include="Raycast.h">
      <Filter>GameData\Header Files</Filter>
    </ClInclude>
    <ClInclude Include="Common\d3dApp.h">
      <Filter>Header Files</Filter>
    </ClInclude>
    <ClInclude Include="Common\d3dUtil.h">
      <Filter>Header Files</Filter>
    </ClInclude>
    <ClInclude Include="Common\d3dx12.h">
      <Filter>Header Files</Filter>
    </ClInclude>
    <ClInclude Include="Common\DDSTextureLoader.h">
      <Filter>Header Files</Filter>
    </ClInclude>
    <ClInclude Include="Common\GameTimer.h">
      <Filter>Header Files</Filter>
    </ClInclude>
    <ClInclude Include="Common\MathHelper.h">
      <Filter>Header Files</Filter>
    </ClInclude>
    <ClInclude Include="Common\UploadBuffer.h">
      <Filter>Header Files</Filter>
    </ClInclude>
    <ClInclude Include="PerlinNoise.h">
      <Filter>GameData\Header Files</Filter>
    </ClInclude>
    <ClInclude Include="Inventory.h">
      <Filter>GameData\Header Files</Filter>
    </ClInclude>
    <ClInclude Include="Crafting.h">
      <Filter>GameData\Header Files</Filter>
    </ClInclude>
    <ClInclude Include="Item.h">
      <Filter>GameData\Header Files\Items</Filter>
    </ClInclude>
    <ClInclude Include="Tool.h">
      <Filter>GameData\Header Files\Items</Filter>
    </ClInclude>
    <ClInclude Include="Inventory.h">
      <Filter>GameData\Header Files\Items</Filter>
    </ClInclude>
    <ClInclude Include="Inventory.h">
      <Filter>Header Files</Filter>
    </ClInclude>
    <ClInclude Include="Block.h">
      <Filter>GameData\Header Files\Items</Filter>
    </ClInclude>
    <ClInclude Include="Inventory.h">
      <Filter>Header Files</Filter>
    </ClInclude>
    <ClInclude Include="Pathfinding.h">
      <Filter>GameData\Header Files</Filter>
    </ClInclude>
    <ClInclude Include="Inventory.h">
      <Filter>Header Files</Filter>
    </ClInclude>
    <ClInclude Include="Misc.h">
      <Filter>GameData\Header Files\Items</Filter>
    </ClInclude>
    <ClInclude Include="Inventory.h">
      <Filter>Header Files</Filter>
    </ClInclude>
    <ClInclude Include="Player.h">
      <Filter>GameData\Header Files</Filter>
    </ClInclude>
    <ClInclude Include="LivingEntity.h">
      <Filter>GameData\Header Files</Filter>
    </ClInclude>
    <ClInclude Include="Inventory.h">
      <Filter>Header Files</Filter>
    </ClInclude>
    <ClInclude Include="WorldManager.h">
      <Filter>GameData\Header Files</Filter>
    </ClInclude>
    <ClInclude Include="Inventory.h">
      <Filter>Header Files</Filter>
    </ClInclude>
    <ClInclude Include="Text.h">
      <Filter>GameData\Header Files</Filter>
    </ClInclude>
    <ClInclude Include="Inventory.h">
      <Filter>Header Files</Filter>
    </ClInclude>
    <ClInclude Include="RenderItem.h">
      <Filter>GameData\Header Files</Filter>
    </ClInclude>
    <ClInclude Include="Inventory.h">
      <Filter>Header Files</Filter>
    </ClInclude>
    <ClInclude Include="Inventory.h">
      <Filter>Header Files</Filter>
    </ClInclude>
    <ClInclude Include="Inventory.h">
      <Filter>Header Files</Filter>
    </ClInclude>
    <ClInclude Include="Inventory.h">
      <Filter>Header Files</Filter>
    </ClInclude>
    <ClInclude Include="Inventory.h">
      <Filter>Header Files</Filter>
    </ClInclude>
    <ClInclude Include="Inventory.h">
      <Filter>Header Files</Filter>
    </ClInclude>
    <ClInclude Include="Inventory.h">
      <Filter>Header Files</Filter>
    </ClInclude>
    <ClInclude Include="Common\FileUtils.h">
      <Filter>Header Files</Filter>
    </ClInclude>
    <ClInclude Include="Inventory.h">
      <Filter>Header Files</Filter>
    </ClInclude>
    <ClInclude Include="SoundSystem.h">
      <Filter>GameData\Audio</Filter>
    </ClInclude>
    <ClInclude Include="Inventory.h">
      <Filter>Header Files</Filter>
    </ClInclude>
    <ClInclude Include="Inventory.h">
      <Filter>Header Files</Filter>
    </ClInclude>
    <ClInclude Include="Inventory.h">
      <Filter>Header Files</Filter>
    </ClInclude>
    <ClInclude Include="DunGen.h">
      <Filter>GameData\Header Files\AI</Filter>
    </ClInclude>
    <ClInclude Include="DGPathfinding.h">
      <Filter>GameData\Header Files\AI</Filter>
    </ClInclude>
    <ClInclude Include="Inventory.h">
      <Filter>Header Files</Filter>
    </ClInclude>
    <ClInclude Include="Inventory.h">
      <Filter>Header Files</Filter>
    </ClInclude>
    <ClInclude Include="GeneticAlgo.h">
      <Filter>GameData\Header Files\AI</Filter>
    </ClInclude>
    <ClInclude Include="Inventory.h">
      <Filter>Header Files</Filter>
    </ClInclude>
    <ClInclude Include="Inventory.h">
      <Filter>Header Files</Filter>
    </ClInclude>
  </ItemGroup>
</Project>